
Microsoft Visual Studio Solution File, Format Version 12.00
# Visual Studio 14
VisualStudioVersion = 14.0.25420.1
MinimumVisualStudioVersion = 10.0.40219.1
Project("{FAE04EC0-301F-11D3-BF4B-00C04F79EFBC}") = "Creou.OnlyRunOnce", "Creou.OnlyRunOnce\Creou.OnlyRunOnce.csproj", "{75BDD0AC-5D89-4ED1-8E56-AD1F631BB829}"
EndProject
Project("{FAE04EC0-301F-11D3-BF4B-00C04F79EFBC}") = "Creou.OnlyRunOnce.Tests", "Creou.OnlyRunOnce.Tests\Creou.OnlyRunOnce.Tests.csproj", "{0D14D450-0C6F-4C92-BD01-5BD80CBFD080}"
EndProject
Global
	GlobalSection(SolutionConfigurationPlatforms) = preSolution
		Debug|Any CPU = Debug|Any CPU
		Release|Any CPU = Release|Any CPU
	EndGlobalSection
	GlobalSection(ProjectConfigurationPlatforms) = postSolution
		{75BDD0AC-5D89-4ED1-8E56-AD1F631BB829}.Debug|Any CPU.ActiveCfg = Debug|Any CPU
		{75BDD0AC-5D89-4ED1-8E56-AD1F631BB829}.Debug|Any CPU.Build.0 = Debug|Any CPU
		{75BDD0AC-5D89-4ED1-8E56-AD1F631BB829}.Release|Any CPU.ActiveCfg = Release|Any CPU
		{75BDD0AC-5D89-4ED1-8E56-AD1F631BB829}.Release|Any CPU.Build.0 = Release|Any CPU
		{0D14D450-0C6F-4C92-BD01-5BD80CBFD080}.Debug|Any CPU.ActiveCfg = Debug|Any CPU
		{0D14D450-0C6F-4C92-BD01-5BD80CBFD080}.Debug|Any CPU.Build.0 = Debug|Any CPU
		{0D14D450-0C6F-4C92-BD01-5BD80CBFD080}.Release|Any CPU.ActiveCfg = Release|Any CPU
		{0D14D450-0C6F-4C92-BD01-5BD80CBFD080}.Release|Any CPU.Build.0 = Release|Any CPU
	EndGlobalSection
	GlobalSection(SolutionProperties) = preSolution
		HideSolutionNode = FALSE
	EndGlobalSection
EndGlobal
